
Microsoft Visual Studio Solution File, Format Version 12.00
# Visual Studio Version 16
VisualStudioVersion = 16.0.30621.155
MinimumVisualStudioVersion = 10.0.40219.1
Project("{FAE04EC0-301F-11D3-BF4B-00C04F79EFBC}") = "assignment-operators", "assignment-operators\assignment-operators.csproj", "{703A866B-FE7D-48EB-B0FC-BB22F78A71AD}"
EndProject
Global
	GlobalSection(SolutionConfigurationPlatforms) = preSolution
		Debug|Any CPU = Debug|Any CPU
		Release|Any CPU = Release|Any CPU
	EndGlobalSection
	GlobalSection(ProjectConfigurationPlatforms) = postSolution
		{703A866B-FE7D-48EB-B0FC-BB22F78A71AD}.Debug|Any CPU.ActiveCfg = Debug|Any CPU
		{703A866B-FE7D-48EB-B0FC-BB22F78A71AD}.Debug|Any CPU.Build.0 = Debug|Any CPU
		{703A866B-FE7D-48EB-B0FC-BB22F78A71AD}.Release|Any CPU.ActiveCfg = Release|Any CPU
		{703A866B-FE7D-48EB-B0FC-BB22F78A71AD}.Release|Any CPU.Build.0 = Release|Any CPU
	EndGlobalSection
	GlobalSection(SolutionProperties) = preSolution
		HideSolutionNode = FALSE
	EndGlobalSection
	GlobalSection(ExtensibilityGlobals) = postSolution
		SolutionGuid = {D3332C9A-8F92-4D04-B2CF-F66BE5EF5EA3}
	EndGlobalSection
EndGlobal
