
Microsoft Visual Studio Solution File, Format Version 12.00
# Visual Studio Version 16
VisualStudioVersion = 16.0.30621.155
MinimumVisualStudioVersion = 10.0.40219.1
Project("{FAE04EC0-301F-11D3-BF4B-00C04F79EFBC}") = "implicit-conversion-and-casting", "implicit-conversion-and-casting\implicit-conversion-and-casting.csproj", "{A817F7E6-3871-4D7D-AFDE-68F088036B4F}"
EndProject
Global
	GlobalSection(SolutionConfigurationPlatforms) = preSolution
		Debug|Any CPU = Debug|Any CPU
		Release|Any CPU = Release|Any CPU
	EndGlobalSection
	GlobalSection(ProjectConfigurationPlatforms) = postSolution
		{A817F7E6-3871-4D7D-AFDE-68F088036B4F}.Debug|Any CPU.ActiveCfg = Debug|Any CPU
		{A817F7E6-3871-4D7D-AFDE-68F088036B4F}.Debug|Any CPU.Build.0 = Debug|Any CPU
		{A817F7E6-3871-4D7D-AFDE-68F088036B4F}.Release|Any CPU.ActiveCfg = Release|Any CPU
		{A817F7E6-3871-4D7D-AFDE-68F088036B4F}.Release|Any CPU.Build.0 = Release|Any CPU
	EndGlobalSection
	GlobalSection(SolutionProperties) = preSolution
		HideSolutionNode = FALSE
	EndGlobalSection
	GlobalSection(ExtensibilityGlobals) = postSolution
		SolutionGuid = {952473C1-AF24-4E0F-9FBC-156BF788A9FE}
	EndGlobalSection
EndGlobal
